
Microsoft Visual Studio Solution File, Format Version 12.00
# Visual Studio 2012
Project("{FAE04EC0-301F-11D3-BF4B-00C04F79EFBC}") = "OpenDespatch.Entities", "OpenDespatch.Entities\OpenDespatch.Entities.csproj", "{9BF3AF82-442A-486D-B5F5-089727E9C48F}"
EndProject
Project("{FAE04EC0-301F-11D3-BF4B-00C04F79EFBC}") = "OpenDespatch.RoyalMail", "OpenDespatch.RoyalMail\OpenDespatch.RoyalMail.csproj", "{09A95013-F725-4298-8DFF-387B22241CE3}"
	ProjectSection(ProjectDependencies) = postProject
		{9BF3AF82-442A-486D-B5F5-089727E9C48F} = {9BF3AF82-442A-486D-B5F5-089727E9C48F}
	EndProjectSection
EndProject
Project("{FAE04EC0-301F-11D3-BF4B-00C04F79EFBC}") = "OpenDespatch.WindowsApp", "OpenDespatch.WindowsApp\OpenDespatch.WindowsApp.csproj", "{8F1D4F7B-9752-4ACF-820B-F8B6A1B70448}"
EndProject
Project("{FAE04EC0-301F-11D3-BF4B-00C04F79EFBC}") = "OpenDespatch.DPD", "OpenDespatch.DPD\OpenDespatch.DPD.csproj", "{8118F150-33B9-45FA-81FD-B01E087C2F95}"
EndProject
Project("{FAE04EC0-301F-11D3-BF4B-00C04F79EFBC}") = "OpenDespatch.CountryAttireRules", "OpenDespatch.CountryAttireRules\OpenDespatch.CountryAttireRules.csproj", "{BDCECA7C-06F8-4FB2-BD21-4F84303E9BB4}"
EndProject
Global
	GlobalSection(SolutionConfigurationPlatforms) = preSolution
		CD_ROM|Any CPU = CD_ROM|Any CPU
		CD_ROM|Mixed Platforms = CD_ROM|Mixed Platforms
		CD_ROM|x86 = CD_ROM|x86
		Debug|Any CPU = Debug|Any CPU
		Debug|Mixed Platforms = Debug|Mixed Platforms
		Debug|x86 = Debug|x86
		DVD-5|Any CPU = DVD-5|Any CPU
		DVD-5|Mixed Platforms = DVD-5|Mixed Platforms
		DVD-5|x86 = DVD-5|x86
		Release|Any CPU = Release|Any CPU
		Release|Mixed Platforms = Release|Mixed Platforms
		Release|x86 = Release|x86
		SingleImage|Any CPU = SingleImage|Any CPU
		SingleImage|Mixed Platforms = SingleImage|Mixed Platforms
		SingleImage|x86 = SingleImage|x86
	EndGlobalSection
	GlobalSection(ProjectConfigurationPlatforms) = postSolution
		{9BF3AF82-442A-486D-B5F5-089727E9C48F}.CD_ROM|Any CPU.ActiveCfg = Release|Any CPU
		{9BF3AF82-442A-486D-B5F5-089727E9C48F}.CD_ROM|Any CPU.Build.0 = Release|Any CPU
		{9BF3AF82-442A-486D-B5F5-089727E9C48F}.CD_ROM|Mixed Platforms.ActiveCfg = Release|Any CPU
		{9BF3AF82-442A-486D-B5F5-089727E9C48F}.CD_ROM|Mixed Platforms.Build.0 = Release|Any CPU
		{9BF3AF82-442A-486D-B5F5-089727E9C48F}.CD_ROM|x86.ActiveCfg = Release|Any CPU
		{9BF3AF82-442A-486D-B5F5-089727E9C48F}.Debug|Any CPU.ActiveCfg = Debug|Any CPU
		{9BF3AF82-442A-486D-B5F5-089727E9C48F}.Debug|Any CPU.Build.0 = Debug|Any CPU
		{9BF3AF82-442A-486D-B5F5-089727E9C48F}.Debug|Mixed Platforms.ActiveCfg = Debug|Any CPU
		{9BF3AF82-442A-486D-B5F5-089727E9C48F}.Debug|Mixed Platforms.Build.0 = Debug|Any CPU
		{9BF3AF82-442A-486D-B5F5-089727E9C48F}.Debug|x86.ActiveCfg = Debug|Any CPU
		{9BF3AF82-442A-486D-B5F5-089727E9C48F}.DVD-5|Any CPU.ActiveCfg = Debug|Any CPU
		{9BF3AF82-442A-486D-B5F5-089727E9C48F}.DVD-5|Any CPU.Build.0 = Debug|Any CPU
		{9BF3AF82-442A-486D-B5F5-089727E9C48F}.DVD-5|Mixed Platforms.ActiveCfg = Debug|Any CPU
		{9BF3AF82-442A-486D-B5F5-089727E9C48F}.DVD-5|Mixed Platforms.Build.0 = Debug|Any CPU
		{9BF3AF82-442A-486D-B5F5-089727E9C48F}.DVD-5|x86.ActiveCfg = Debug|Any CPU
		{9BF3AF82-442A-486D-B5F5-089727E9C48F}.Release|Any CPU.ActiveCfg = Release|Any CPU
		{9BF3AF82-442A-486D-B5F5-089727E9C48F}.Release|Any CPU.Build.0 = Release|Any CPU
		{9BF3AF82-442A-486D-B5F5-089727E9C48F}.Release|Mixed Platforms.ActiveCfg = Release|Any CPU
		{9BF3AF82-442A-486D-B5F5-089727E9C48F}.Release|Mixed Platforms.Build.0 = Release|Any CPU
		{9BF3AF82-442A-486D-B5F5-089727E9C48F}.Release|x86.ActiveCfg = Release|Any CPU
		{9BF3AF82-442A-486D-B5F5-089727E9C48F}.SingleImage|Any CPU.ActiveCfg = Release|Any CPU
		{9BF3AF82-442A-486D-B5F5-089727E9C48F}.SingleImage|Any CPU.Build.0 = Release|Any CPU
		{9BF3AF82-442A-486D-B5F5-089727E9C48F}.SingleImage|Mixed Platforms.ActiveCfg = Release|Any CPU
		{9BF3AF82-442A-486D-B5F5-089727E9C48F}.SingleImage|Mixed Platforms.Build.0 = Release|Any CPU
		{9BF3AF82-442A-486D-B5F5-089727E9C48F}.SingleImage|x86.ActiveCfg = Release|Any CPU
		{09A95013-F725-4298-8DFF-387B22241CE3}.CD_ROM|Any CPU.ActiveCfg = Release|Any CPU
		{09A95013-F725-4298-8DFF-387B22241CE3}.CD_ROM|Any CPU.Build.0 = Release|Any CPU
		{09A95013-F725-4298-8DFF-387B22241CE3}.CD_ROM|Mixed Platforms.ActiveCfg = Release|Any CPU
		{09A95013-F725-4298-8DFF-387B22241CE3}.CD_ROM|Mixed Platforms.Build.0 = Release|Any CPU
		{09A95013-F725-4298-8DFF-387B22241CE3}.CD_ROM|x86.ActiveCfg = Release|Any CPU
		{09A95013-F725-4298-8DFF-387B22241CE3}.Debug|Any CPU.ActiveCfg = Debug|Any CPU
		{09A95013-F725-4298-8DFF-387B22241CE3}.Debug|Any CPU.Build.0 = Debug|Any CPU
		{09A95013-F725-4298-8DFF-387B22241CE3}.Debug|Mixed Platforms.ActiveCfg = Debug|Any CPU
		{09A95013-F725-4298-8DFF-387B22241CE3}.Debug|Mixed Platforms.Build.0 = Debug|Any CPU
		{09A95013-F725-4298-8DFF-387B22241CE3}.Debug|x86.ActiveCfg = Debug|Any CPU
		{09A95013-F725-4298-8DFF-387B22241CE3}.DVD-5|Any CPU.ActiveCfg = Debug|Any CPU
		{09A95013-F725-4298-8DFF-387B22241CE3}.DVD-5|Any CPU.Build.0 = Debug|Any CPU
		{09A95013-F725-4298-8DFF-387B22241CE3}.DVD-5|Mixed Platforms.ActiveCfg = Debug|Any CPU
		{09A95013-F725-4298-8DFF-387B22241CE3}.DVD-5|Mixed Platforms.Build.0 = Debug|Any CPU
		{09A95013-F725-4298-8DFF-387B22241CE3}.DVD-5|x86.ActiveCfg = Debug|Any CPU
		{09A95013-F725-4298-8DFF-387B22241CE3}.Release|Any CPU.ActiveCfg = Release|Any CPU
		{09A95013-F725-4298-8DFF-387B22241CE3}.Release|Any CPU.Build.0 = Release|Any CPU
		{09A95013-F725-4298-8DFF-387B22241CE3}.Release|Mixed Platforms.ActiveCfg = Release|Any CPU
		{09A95013-F725-4298-8DFF-387B22241CE3}.Release|Mixed Platforms.Build.0 = Release|Any CPU
		{09A95013-F725-4298-8DFF-387B22241CE3}.Release|x86.ActiveCfg = Release|Any CPU
		{09A95013-F725-4298-8DFF-387B22241CE3}.SingleImage|Any CPU.ActiveCfg = Release|Any CPU
		{09A95013-F725-4298-8DFF-387B22241CE3}.SingleImage|Any CPU.Build.0 = Release|Any CPU
		{09A95013-F725-4298-8DFF-387B22241CE3}.SingleImage|Mixed Platforms.ActiveCfg = Release|Any CPU
		{09A95013-F725-4298-8DFF-387B22241CE3}.SingleImage|Mixed Platforms.Build.0 = Release|Any CPU
		{09A95013-F725-4298-8DFF-387B22241CE3}.SingleImage|x86.ActiveCfg = Release|Any CPU
		{8F1D4F7B-9752-4ACF-820B-F8B6A1B70448}.CD_ROM|Any CPU.ActiveCfg = Release|x86
		{8F1D4F7B-9752-4ACF-820B-F8B6A1B70448}.CD_ROM|Mixed Platforms.ActiveCfg = Release|x86
		{8F1D4F7B-9752-4ACF-820B-F8B6A1B70448}.CD_ROM|Mixed Platforms.Build.0 = Release|x86
		{8F1D4F7B-9752-4ACF-820B-F8B6A1B70448}.CD_ROM|x86.ActiveCfg = Release|x86
		{8F1D4F7B-9752-4ACF-820B-F8B6A1B70448}.CD_ROM|x86.Build.0 = Release|x86
		{8F1D4F7B-9752-4ACF-820B-F8B6A1B70448}.Debug|Any CPU.ActiveCfg = Debug|x86
		{8F1D4F7B-9752-4ACF-820B-F8B6A1B70448}.Debug|Mixed Platforms.ActiveCfg = Debug|x86
		{8F1D4F7B-9752-4ACF-820B-F8B6A1B70448}.Debug|Mixed Platforms.Build.0 = Debug|x86
		{8F1D4F7B-9752-4ACF-820B-F8B6A1B70448}.Debug|x86.ActiveCfg = Debug|x86
		{8F1D4F7B-9752-4ACF-820B-F8B6A1B70448}.Debug|x86.Build.0 = Debug|x86
		{8F1D4F7B-9752-4ACF-820B-F8B6A1B70448}.DVD-5|Any CPU.ActiveCfg = Debug|x86
		{8F1D4F7B-9752-4ACF-820B-F8B6A1B70448}.DVD-5|Mixed Platforms.ActiveCfg = Debug|x86
		{8F1D4F7B-9752-4ACF-820B-F8B6A1B70448}.DVD-5|Mixed Platforms.Build.0 = Debug|x86
		{8F1D4F7B-9752-4ACF-820B-F8B6A1B70448}.DVD-5|x86.ActiveCfg = Debug|x86
		{8F1D4F7B-9752-4ACF-820B-F8B6A1B70448}.DVD-5|x86.Build.0 = Debug|x86
		{8F1D4F7B-9752-4ACF-820B-F8B6A1B70448}.Release|Any CPU.ActiveCfg = Release|x86
		{8F1D4F7B-9752-4ACF-820B-F8B6A1B70448}.Release|Mixed Platforms.ActiveCfg = Release|x86
		{8F1D4F7B-9752-4ACF-820B-F8B6A1B70448}.Release|Mixed Platforms.Build.0 = Release|x86
		{8F1D4F7B-9752-4ACF-820B-F8B6A1B70448}.Release|x86.ActiveCfg = Release|x86
		{8F1D4F7B-9752-4ACF-820B-F8B6A1B70448}.Release|x86.Build.0 = Release|x86
		{8F1D4F7B-9752-4ACF-820B-F8B6A1B70448}.SingleImage|Any CPU.ActiveCfg = Release|x86
		{8F1D4F7B-9752-4ACF-820B-F8B6A1B70448}.SingleImage|Mixed Platforms.ActiveCfg = Release|x86
		{8F1D4F7B-9752-4ACF-820B-F8B6A1B70448}.SingleImage|Mixed Platforms.Build.0 = Release|x86
		{8F1D4F7B-9752-4ACF-820B-F8B6A1B70448}.SingleImage|x86.ActiveCfg = Release|x86
		{8F1D4F7B-9752-4ACF-820B-F8B6A1B70448}.SingleImage|x86.Build.0 = Release|x86
		{8118F150-33B9-45FA-81FD-B01E087C2F95}.CD_ROM|Any CPU.ActiveCfg = Release|Any CPU
		{8118F150-33B9-45FA-81FD-B01E087C2F95}.CD_ROM|Any CPU.Build.0 = Release|Any CPU
		{8118F150-33B9-45FA-81FD-B01E087C2F95}.CD_ROM|Mixed Platforms.ActiveCfg = Release|Any CPU
		{8118F150-33B9-45FA-81FD-B01E087C2F95}.CD_ROM|Mixed Platforms.Build.0 = Release|Any CPU
		{8118F150-33B9-45FA-81FD-B01E087C2F95}.CD_ROM|x86.ActiveCfg = Release|Any CPU
		{8118F150-33B9-45FA-81FD-B01E087C2F95}.Debug|Any CPU.ActiveCfg = Debug|Any CPU
		{8118F150-33B9-45FA-81FD-B01E087C2F95}.Debug|Any CPU.Build.0 = Debug|Any CPU
		{8118F150-33B9-45FA-81FD-B01E087C2F95}.Debug|Mixed Platforms.ActiveCfg = Debug|Any CPU
		{8118F150-33B9-45FA-81FD-B01E087C2F95}.Debug|Mixed Platforms.Build.0 = Debug|Any CPU
		{8118F150-33B9-45FA-81FD-B01E087C2F95}.Debug|x86.ActiveCfg = Debug|Any CPU
		{8118F150-33B9-45FA-81FD-B01E087C2F95}.DVD-5|Any CPU.ActiveCfg = Debug|Any CPU
		{8118F150-33B9-45FA-81FD-B01E087C2F95}.DVD-5|Any CPU.Build.0 = Debug|Any CPU
		{8118F150-33B9-45FA-81FD-B01E087C2F95}.DVD-5|Mixed Platforms.ActiveCfg = Debug|Any CPU
		{8118F150-33B9-45FA-81FD-B01E087C2F95}.DVD-5|Mixed Platforms.Build.0 = Debug|Any CPU
		{8118F150-33B9-45FA-81FD-B01E087C2F95}.DVD-5|x86.ActiveCfg = Debug|Any CPU
		{8118F150-33B9-45FA-81FD-B01E087C2F95}.Release|Any CPU.ActiveCfg = Release|Any CPU
		{8118F150-33B9-45FA-81FD-B01E087C2F95}.Release|Any CPU.Build.0 = Release|Any CPU
		{8118F150-33B9-45FA-81FD-B01E087C2F95}.Release|Mixed Platforms.ActiveCfg = Release|Any CPU
		{8118F150-33B9-45FA-81FD-B01E087C2F95}.Release|Mixed Platforms.Build.0 = Release|Any CPU
		{8118F150-33B9-45FA-81FD-B01E087C2F95}.Release|x86.ActiveCfg = Release|Any CPU
		{8118F150-33B9-45FA-81FD-B01E087C2F95}.SingleImage|Any CPU.ActiveCfg = Release|Any CPU
		{8118F150-33B9-45FA-81FD-B01E087C2F95}.SingleImage|Any CPU.Build.0 = Release|Any CPU
		{8118F150-33B9-45FA-81FD-B01E087C2F95}.SingleImage|Mixed Platforms.ActiveCfg = Release|Any CPU
		{8118F150-33B9-45FA-81FD-B01E087C2F95}.SingleImage|Mixed Platforms.Build.0 = Release|Any CPU
		{8118F150-33B9-45FA-81FD-B01E087C2F95}.SingleImage|x86.ActiveCfg = Release|Any CPU
		{BDCECA7C-06F8-4FB2-BD21-4F84303E9BB4}.CD_ROM|Any CPU.ActiveCfg = Release|Any CPU
		{BDCECA7C-06F8-4FB2-BD21-4F84303E9BB4}.CD_ROM|Any CPU.Build.0 = Release|Any CPU
		{BDCECA7C-06F8-4FB2-BD21-4F84303E9BB4}.CD_ROM|Mixed Platforms.ActiveCfg = Release|Any CPU
		{BDCECA7C-06F8-4FB2-BD21-4F84303E9BB4}.CD_ROM|Mixed Platforms.Build.0 = Release|Any CPU
		{BDCECA7C-06F8-4FB2-BD21-4F84303E9BB4}.CD_ROM|x86.ActiveCfg = Release|Any CPU
		{BDCECA7C-06F8-4FB2-BD21-4F84303E9BB4}.Debug|Any CPU.ActiveCfg = Debug|Any CPU
		{BDCECA7C-06F8-4FB2-BD21-4F84303E9BB4}.Debug|Any CPU.Build.0 = Debug|Any CPU
		{BDCECA7C-06F8-4FB2-BD21-4F84303E9BB4}.Debug|Mixed Platforms.ActiveCfg = Debug|Any CPU
		{BDCECA7C-06F8-4FB2-BD21-4F84303E9BB4}.Debug|Mixed Platforms.Build.0 = Debug|Any CPU
		{BDCECA7C-06F8-4FB2-BD21-4F84303E9BB4}.Debug|x86.ActiveCfg = Debug|Any CPU
		{BDCECA7C-06F8-4FB2-BD21-4F84303E9BB4}.DVD-5|Any CPU.ActiveCfg = Debug|Any CPU
		{BDCECA7C-06F8-4FB2-BD21-4F84303E9BB4}.DVD-5|Any CPU.Build.0 = Debug|Any CPU
		{BDCECA7C-06F8-4FB2-BD21-4F84303E9BB4}.DVD-5|Mixed Platforms.ActiveCfg = Debug|Any CPU
		{BDCECA7C-06F8-4FB2-BD21-4F84303E9BB4}.DVD-5|Mixed Platforms.Build.0 = Debug|Any CPU
		{BDCECA7C-06F8-4FB2-BD21-4F84303E9BB4}.DVD-5|x86.ActiveCfg = Debug|Any CPU
		{BDCECA7C-06F8-4FB2-BD21-4F84303E9BB4}.Release|Any CPU.ActiveCfg = Release|Any CPU
		{BDCECA7C-06F8-4FB2-BD21-4F84303E9BB4}.Release|Any CPU.Build.0 = Release|Any CPU
		{BDCECA7C-06F8-4FB2-BD21-4F84303E9BB4}.Release|Mixed Platforms.ActiveCfg = Release|Any CPU
		{BDCECA7C-06F8-4FB2-BD21-4F84303E9BB4}.Release|Mixed Platforms.Build.0 = Release|Any CPU
		{BDCECA7C-06F8-4FB2-BD21-4F84303E9BB4}.Release|x86.ActiveCfg = Release|Any CPU
		{BDCECA7C-06F8-4FB2-BD21-4F84303E9BB4}.SingleImage|Any CPU.ActiveCfg = Release|Any CPU
		{BDCECA7C-06F8-4FB2-BD21-4F84303E9BB4}.SingleImage|Any CPU.Build.0 = Release|Any CPU
		{BDCECA7C-06F8-4FB2-BD21-4F84303E9BB4}.SingleImage|Mixed Platforms.ActiveCfg = Release|Any CPU
		{BDCECA7C-06F8-4FB2-BD21-4F84303E9BB4}.SingleImage|Mixed Platforms.Build.0 = Release|Any CPU
		{BDCECA7C-06F8-4FB2-BD21-4F84303E9BB4}.SingleImage|x86.ActiveCfg = Release|Any CPU
		{000764CF-ED7C-418F-AD01-3992E202F3E6}.CD_ROM|Any CPU.ActiveCfg = CD_ROM
		{000764CF-ED7C-418F-AD01-3992E202F3E6}.CD_ROM|Any CPU.Build.0 = CD_ROM
		{000764CF-ED7C-418F-AD01-3992E202F3E6}.CD_ROM|Mixed Platforms.ActiveCfg = CD_ROM
		{000764CF-ED7C-418F-AD01-3992E202F3E6}.CD_ROM|Mixed Platforms.Build.0 = CD_ROM
		{000764CF-ED7C-418F-AD01-3992E202F3E6}.CD_ROM|x86.ActiveCfg = CD_ROM
		{000764CF-ED7C-418F-AD01-3992E202F3E6}.CD_ROM|x86.Build.0 = CD_ROM
		{000764CF-ED7C-418F-AD01-3992E202F3E6}.Debug|Any CPU.ActiveCfg = DVD-5
		{000764CF-ED7C-418F-AD01-3992E202F3E6}.Debug|Any CPU.Build.0 = DVD-5
		{000764CF-ED7C-418F-AD01-3992E202F3E6}.Debug|Mixed Platforms.ActiveCfg = DVD-5
		{000764CF-ED7C-418F-AD01-3992E202F3E6}.Debug|Mixed Platforms.Build.0 = DVD-5
		{000764CF-ED7C-418F-AD01-3992E202F3E6}.Debug|x86.ActiveCfg = DVD-5
		{000764CF-ED7C-418F-AD01-3992E202F3E6}.Debug|x86.Build.0 = DVD-5
		{000764CF-ED7C-418F-AD01-3992E202F3E6}.DVD-5|Any CPU.ActiveCfg = DVD-5
		{000764CF-ED7C-418F-AD01-3992E202F3E6}.DVD-5|Any CPU.Build.0 = DVD-5
		{000764CF-ED7C-418F-AD01-3992E202F3E6}.DVD-5|Mixed Platforms.ActiveCfg = DVD-5
		{000764CF-ED7C-418F-AD01-3992E202F3E6}.DVD-5|Mixed Platforms.Build.0 = DVD-5
		{000764CF-ED7C-418F-AD01-3992E202F3E6}.DVD-5|x86.ActiveCfg = DVD-5
		{000764CF-ED7C-418F-AD01-3992E202F3E6}.DVD-5|x86.Build.0 = DVD-5
		{000764CF-ED7C-418F-AD01-3992E202F3E6}.Release|Any CPU.ActiveCfg = SingleImage
		{000764CF-ED7C-418F-AD01-3992E202F3E6}.Release|Any CPU.Build.0 = SingleImage
		{000764CF-ED7C-418F-AD01-3992E202F3E6}.Release|Mixed Platforms.ActiveCfg = SingleImage
		{000764CF-ED7C-418F-AD01-3992E202F3E6}.Release|Mixed Platforms.Build.0 = SingleImage
		{000764CF-ED7C-418F-AD01-3992E202F3E6}.Release|x86.ActiveCfg = SingleImage
		{000764CF-ED7C-418F-AD01-3992E202F3E6}.Release|x86.Build.0 = SingleImage
		{000764CF-ED7C-418F-AD01-3992E202F3E6}.SingleImage|Any CPU.ActiveCfg = SingleImage
		{000764CF-ED7C-418F-AD01-3992E202F3E6}.SingleImage|Any CPU.Build.0 = SingleImage
		{000764CF-ED7C-418F-AD01-3992E202F3E6}.SingleImage|Mixed Platforms.ActiveCfg = SingleImage
		{000764CF-ED7C-418F-AD01-3992E202F3E6}.SingleImage|Mixed Platforms.Build.0 = SingleImage
		{000764CF-ED7C-418F-AD01-3992E202F3E6}.SingleImage|x86.ActiveCfg = SingleImage
		{000764CF-ED7C-418F-AD01-3992E202F3E6}.SingleImage|x86.Build.0 = SingleImage
	EndGlobalSection
	GlobalSection(SolutionProperties) = preSolution
		HideSolutionNode = FALSE
	EndGlobalSection
EndGlobal
